
Microsoft Visual Studio Solution File, Format Version 12.00
# Visual Studio Version 16
VisualStudioVersion = 16.0.28917.182
MinimumVisualStudioVersion = 10.0.40219.1
Project("{FAE04EC0-301F-11D3-BF4B-00C04F79EFBC}") = "BlazorSS", "BlazorSS\BlazorSS.csproj", "{44B10745-2477-48FF-BE26-DA4DA600E7F6}"
EndProject
Global
	GlobalSection(SolutionConfigurationPlatforms) = preSolution
		Debug|Any CPU = Debug|Any CPU
		Release|Any CPU = Release|Any CPU
	EndGlobalSection
	GlobalSection(ProjectConfigurationPlatforms) = postSolution
		{44B10745-2477-48FF-BE26-DA4DA600E7F6}.Debug|Any CPU.ActiveCfg = Debug|Any CPU
		{44B10745-2477-48FF-BE26-DA4DA600E7F6}.Debug|Any CPU.Build.0 = Debug|Any CPU
		{44B10745-2477-48FF-BE26-DA4DA600E7F6}.Release|Any CPU.ActiveCfg = Release|Any CPU
		{44B10745-2477-48FF-BE26-DA4DA600E7F6}.Release|Any CPU.Build.0 = Release|Any CPU
	EndGlobalSection
	GlobalSection(SolutionProperties) = preSolution
		HideSolutionNode = FALSE
	EndGlobalSection
	GlobalSection(ExtensibilityGlobals) = postSolution
		SolutionGuid = {0AF7881C-DD55-4330-AF54-A8BAD54FC045}
	EndGlobalSection
EndGlobal
